// !$*UTF8*$!
{
	archiveVersion = 1;
	classes = {
	};
	objectVersion = 55;
	objects = {

/* Begin PBXBuildFile section */
		BF13874828B8C15700BCE4A9 /* Pawn.cpp in Sources */ = {isa = PBXBuildFile; fileRef = BF13874628B8C15700BCE4A9 /* Pawn.cpp */; };
		BF20C20A28C7B224001BD724 /* remis.cpp in Sources */ = {isa = PBXBuildFile; fileRef = BF20C20928C7B224001BD724 /* remis.cpp */; };
		BF2C5BB028CF49420011364B /* check.cpp in Sources */ = {isa = PBXBuildFile; fileRef = BF2C5BAF28CF49420011364B /* check.cpp */; };
		BF4683DE28BF822500CD5338 /* Rook.cpp in Sources */ = {isa = PBXBuildFile; fileRef = BF4683DD28BF822500CD5338 /* Rook.cpp */; };
		BF4683E128BF840700CD5338 /* Linie.cpp in Sources */ = {isa = PBXBuildFile; fileRef = BF4683E028BF840700CD5338 /* Linie.cpp */; };
		BF60309828C0B3FA003742AE /* diagonale.cpp in Sources */ = {isa = PBXBuildFile; fileRef = BF60309728C0B3FA003742AE /* diagonale.cpp */; };
		BF60309D28C0C278003742AE /* Bishop.cpp in Sources */ = {isa = PBXBuildFile; fileRef = BF60309C28C0C278003742AE /* Bishop.cpp */; };
		BF6030A028C0DA0C003742AE /* Queen.cpp in Sources */ = {isa = PBXBuildFile; fileRef = BF60309F28C0DA0C003742AE /* Queen.cpp */; };
		BF6030A328C0DF5D003742AE /* King.cpp in Sources */ = {isa = PBXBuildFile; fileRef = BF6030A228C0DF5D003742AE /* King.cpp */; };
		BF6030A628C0FBD6003742AE /* Castle.cpp in Sources */ = {isa = PBXBuildFile; fileRef = BF6030A528C0FBD6003742AE /* Castle.cpp */; };
		BF86BAF528B7AC3C00AD7E12 /* main.cpp in Sources */ = {isa = PBXBuildFile; fileRef = BF86BAF428B7AC3C00AD7E12 /* main.cpp */; };
		BF86BAFC28B7AD6900AD7E12 /* Util.cpp in Sources */ = {isa = PBXBuildFile; fileRef = BF86BAFB28B7AD6900AD7E12 /* Util.cpp */; };
		BF92F18628C8F1690063544F /* EngineUtil.cpp in Sources */ = {isa = PBXBuildFile; fileRef = BF92F18528C8F1690063544F /* EngineUtil.cpp */; };
		BFEBFAA428BCFD510097E2A9 /* Knight.cpp in Sources */ = {isa = PBXBuildFile; fileRef = BFEBFAA328BCFD510097E2A9 /* Knight.cpp */; };
/* End PBXBuildFile section */

/* Begin PBXCopyFilesBuildPhase section */
		BF86BAEF28B7AC3C00AD7E12 /* CopyFiles */ = {
			isa = PBXCopyFilesBuildPhase;
			buildActionMask = 2147483647;
			dstPath = /usr/share/man/man1/;
			dstSubfolderSpec = 0;
			files = (
			);
			runOnlyForDeploymentPostprocessing = 1;
		};
/* End PBXCopyFilesBuildPhase section */

/* Begin PBXFileReference section */
		BF13874628B8C15700BCE4A9 /* Pawn.cpp */ = {isa = PBXFileReference; lastKnownFileType = sourcecode.cpp.cpp; path = Pawn.cpp; sourceTree = "<group>"; };
		BF13874928B8C1F400BCE4A9 /* Pawn.h */ = {isa = PBXFileReference; lastKnownFileType = sourcecode.c.h; path = Pawn.h; sourceTree = "<group>"; };
		BF20C20928C7B224001BD724 /* remis.cpp */ = {isa = PBXFileReference; lastKnownFileType = sourcecode.cpp.cpp; path = remis.cpp; sourceTree = "<group>"; };
		BF20C20B28C7B22E001BD724 /* remis.h */ = {isa = PBXFileReference; lastKnownFileType = sourcecode.c.h; path = remis.h; sourceTree = "<group>"; };
		BF2C5BAF28CF49420011364B /* check.cpp */ = {isa = PBXFileReference; lastKnownFileType = sourcecode.cpp.cpp; path = check.cpp; sourceTree = "<group>"; };
		BF2C5BB128CF49500011364B /* check.h */ = {isa = PBXFileReference; lastKnownFileType = sourcecode.c.h; path = check.h; sourceTree = "<group>"; };
		BF4683DD28BF822500CD5338 /* Rook.cpp */ = {isa = PBXFileReference; lastKnownFileType = sourcecode.cpp.cpp; path = Rook.cpp; sourceTree = "<group>"; };
		BF4683DF28BF823100CD5338 /* Rook.h */ = {isa = PBXFileReference; lastKnownFileType = sourcecode.c.h; path = Rook.h; sourceTree = "<group>"; };
		BF4683E028BF840700CD5338 /* Linie.cpp */ = {isa = PBXFileReference; lastKnownFileType = sourcecode.cpp.cpp; path = Linie.cpp; sourceTree = "<group>"; };
		BF4683E228BF841200CD5338 /* Linie.h */ = {isa = PBXFileReference; lastKnownFileType = sourcecode.c.h; path = Linie.h; sourceTree = "<group>"; };
		BF60309728C0B3FA003742AE /* diagonale.cpp */ = {isa = PBXFileReference; lastKnownFileType = sourcecode.cpp.cpp; path = diagonale.cpp; sourceTree = "<group>"; };
		BF60309928C0B40D003742AE /* diagonale.h */ = {isa = PBXFileReference; lastKnownFileType = sourcecode.c.h; path = diagonale.h; sourceTree = "<group>"; };
		BF60309C28C0C278003742AE /* Bishop.cpp */ = {isa = PBXFileReference; lastKnownFileType = sourcecode.cpp.cpp; path = Bishop.cpp; sourceTree = "<group>"; };
		BF60309E28C0D552003742AE /* Bishop.h */ = {isa = PBXFileReference; lastKnownFileType = sourcecode.c.h; path = Bishop.h; sourceTree = "<group>"; };
		BF60309F28C0DA0C003742AE /* Queen.cpp */ = {isa = PBXFileReference; lastKnownFileType = sourcecode.cpp.cpp; path = Queen.cpp; sourceTree = "<group>"; };
		BF6030A128C0DA66003742AE /* Queen.h */ = {isa = PBXFileReference; lastKnownFileType = sourcecode.c.h; path = Queen.h; sourceTree = "<group>"; };
		BF6030A228C0DF5D003742AE /* King.cpp */ = {isa = PBXFileReference; lastKnownFileType = sourcecode.cpp.cpp; path = King.cpp; sourceTree = "<group>"; };
		BF6030A428C0DF96003742AE /* King.h */ = {isa = PBXFileReference; lastKnownFileType = sourcecode.c.h; path = King.h; sourceTree = "<group>"; };
		BF6030A528C0FBD6003742AE /* Castle.cpp */ = {isa = PBXFileReference; lastKnownFileType = sourcecode.cpp.cpp; path = Castle.cpp; sourceTree = "<group>"; };
		BF6030A728C0FBE5003742AE /* Castle.h */ = {isa = PBXFileReference; lastKnownFileType = sourcecode.c.h; path = Castle.h; sourceTree = "<group>"; };
		BF86BAF128B7AC3C00AD7E12 /* cpp-chess */ = {isa = PBXFileReference; explicitFileType = "compiled.mach-o.executable"; includeInIndex = 0; path = "cpp-chess"; sourceTree = BUILT_PRODUCTS_DIR; };
		BF86BAF428B7AC3C00AD7E12 /* main.cpp */ = {isa = PBXFileReference; lastKnownFileType = sourcecode.cpp.cpp; path = main.cpp; sourceTree = "<group>"; };
		BF86BAFB28B7AD6900AD7E12 /* Util.cpp */ = {isa = PBXFileReference; lastKnownFileType = sourcecode.cpp.cpp; path = Util.cpp; sourceTree = "<group>"; };
		BF86BAFD28B7AD7700AD7E12 /* Util.h */ = {isa = PBXFileReference; lastKnownFileType = sourcecode.c.h; path = Util.h; sourceTree = "<group>"; };
		BF92F18528C8F1690063544F /* EngineUtil.cpp */ = {isa = PBXFileReference; lastKnownFileType = sourcecode.cpp.cpp; path = EngineUtil.cpp; sourceTree = "<group>"; };
		BF92F18728C8F1750063544F /* EngineUtil.h */ = {isa = PBXFileReference; lastKnownFileType = sourcecode.c.h; path = EngineUtil.h; sourceTree = "<group>"; };
		BFEBFAA328BCFD510097E2A9 /* Knight.cpp */ = {isa = PBXFileReference; lastKnownFileType = sourcecode.cpp.cpp; path = Knight.cpp; sourceTree = "<group>"; };
		BFEBFAA528BCFD5E0097E2A9 /* Knight.h */ = {isa = PBXFileReference; lastKnownFileType = sourcecode.c.h; path = Knight.h; sourceTree = "<group>"; };
/* End PBXFileReference section */

/* Begin PBXFrameworksBuildPhase section */
		BF86BAEE28B7AC3C00AD7E12 /* Frameworks */ = {
			isa = PBXFrameworksBuildPhase;
			buildActionMask = 2147483647;
			files = (
			);
			runOnlyForDeploymentPostprocessing = 0;
		};
/* End PBXFrameworksBuildPhase section */

/* Begin PBXGroup section */
		BF86BAE828B7AC3C00AD7E12 = {
			isa = PBXGroup;
			children = (
				BF86BAF328B7AC3C00AD7E12 /* cpp-chess */,
				BF86BAF228B7AC3C00AD7E12 /* Products */,
			);
			sourceTree = "<group>";
		};
		BF86BAF228B7AC3C00AD7E12 /* Products */ = {
			isa = PBXGroup;
			children = (
				BF86BAF128B7AC3C00AD7E12 /* cpp-chess */,
			);
			name = Products;
			sourceTree = "<group>";
		};
		BF86BAF328B7AC3C00AD7E12 /* cpp-chess */ = {
			isa = PBXGroup;
			children = (
				BF86BAF428B7AC3C00AD7E12 /* main.cpp */,
				BF86BAFB28B7AD6900AD7E12 /* Util.cpp */,
				BF86BAFD28B7AD7700AD7E12 /* Util.h */,
				BF13874628B8C15700BCE4A9 /* Pawn.cpp */,
				BF13874928B8C1F400BCE4A9 /* Pawn.h */,
				BFEBFAA328BCFD510097E2A9 /* Knight.cpp */,
				BFEBFAA528BCFD5E0097E2A9 /* Knight.h */,
				BF4683DD28BF822500CD5338 /* Rook.cpp */,
				BF4683DF28BF823100CD5338 /* Rook.h */,
				BF4683E028BF840700CD5338 /* Linie.cpp */,
				BF4683E228BF841200CD5338 /* Linie.h */,
				BF60309728C0B3FA003742AE /* diagonale.cpp */,
				BF60309928C0B40D003742AE /* diagonale.h */,
				BF60309C28C0C278003742AE /* Bishop.cpp */,
				BF60309E28C0D552003742AE /* Bishop.h */,
				BF60309F28C0DA0C003742AE /* Queen.cpp */,
				BF6030A128C0DA66003742AE /* Queen.h */,
				BF6030A228C0DF5D003742AE /* King.cpp */,
				BF6030A428C0DF96003742AE /* King.h */,
				BF6030A528C0FBD6003742AE /* Castle.cpp */,
				BF6030A728C0FBE5003742AE /* Castle.h */,
				BF20C20928C7B224001BD724 /* remis.cpp */,
				BF20C20B28C7B22E001BD724 /* remis.h */,
				BF92F18528C8F1690063544F /* EngineUtil.cpp */,
				BF92F18728C8F1750063544F /* EngineUtil.h */,
				BF2C5BAF28CF49420011364B /* check.cpp */,
				BF2C5BB128CF49500011364B /* check.h */,
			);
			path = "cpp-chess";
			sourceTree = "<group>";
		};
/* End PBXGroup section */

/* Begin PBXNativeTarget section */
		BF86BAF028B7AC3C00AD7E12 /* cpp-chess */ = {
			isa = PBXNativeTarget;
			buildConfigurationList = BF86BAF828B7AC3C00AD7E12 /* Build configuration list for PBXNativeTarget "cpp-chess" */;
			buildPhases = (
				BF86BAED28B7AC3C00AD7E12 /* Sources */,
				BF86BAEE28B7AC3C00AD7E12 /* Frameworks */,
				BF86BAEF28B7AC3C00AD7E12 /* CopyFiles */,
			);
			buildRules = (
			);
			dependencies = (
			);
			name = "cpp-chess";
			productName = "cpp-chess";
			productReference = BF86BAF128B7AC3C00AD7E12 /* cpp-chess */;
			productType = "com.apple.product-type.tool";
		};
/* End PBXNativeTarget section */

/* Begin PBXProject section */
		BF86BAE928B7AC3C00AD7E12 /* Project object */ = {
			isa = PBXProject;
			attributes = {
				BuildIndependentTargetsInParallel = 1;
				LastUpgradeCheck = 1340;
				TargetAttributes = {
					BF86BAF028B7AC3C00AD7E12 = {
						CreatedOnToolsVersion = 13.4.1;
					};
				};
			};
			buildConfigurationList = BF86BAEC28B7AC3C00AD7E12 /* Build configuration list for PBXProject "cpp-chess" */;
			compatibilityVersion = "Xcode 13.0";
			developmentRegion = en;
			hasScannedForEncodings = 0;
			knownRegions = (
				en,
				Base,
			);
			mainGroup = BF86BAE828B7AC3C00AD7E12;
			productRefGroup = BF86BAF228B7AC3C00AD7E12 /* Products */;
			projectDirPath = "";
			projectRoot = "";
			targets = (
				BF86BAF028B7AC3C00AD7E12 /* cpp-chess */,
			);
		};
/* End PBXProject section */

/* Begin PBXSourcesBuildPhase section */
		BF86BAED28B7AC3C00AD7E12 /* Sources */ = {
			isa = PBXSourcesBuildPhase;
			buildActionMask = 2147483647;
			files = (
				BF6030A628C0FBD6003742AE /* Castle.cpp in Sources */,
				BF60309D28C0C278003742AE /* Bishop.cpp in Sources */,
				BFEBFAA428BCFD510097E2A9 /* Knight.cpp in Sources */,
				BF13874828B8C15700BCE4A9 /* Pawn.cpp in Sources */,
				BF6030A028C0DA0C003742AE /* Queen.cpp in Sources */,
				BF6030A328C0DF5D003742AE /* King.cpp in Sources */,
				BF2C5BB028CF49420011364B /* check.cpp in Sources */,
				BF86BAF528B7AC3C00AD7E12 /* main.cpp in Sources */,
				BF4683E128BF840700CD5338 /* Linie.cpp in Sources */,
				BF86BAFC28B7AD6900AD7E12 /* Util.cpp in Sources */,
				BF4683DE28BF822500CD5338 /* Rook.cpp in Sources */,
				BF20C20A28C7B224001BD724 /* remis.cpp in Sources */,
				BF60309828C0B3FA003742AE /* diagonale.cpp in Sources */,
				BF92F18628C8F1690063544F /* EngineUtil.cpp in Sources */,
			);
			runOnlyForDeploymentPostprocessing = 0;
		};
/* End PBXSourcesBuildPhase section */

/* Begin XCBuildConfiguration section */
		BF86BAF628B7AC3C00AD7E12 /* Debug */ = {
			isa = XCBuildConfiguration;
			buildSettings = {
				ALWAYS_SEARCH_USER_PATHS = NO;
				CLANG_ANALYZER_NONNULL = YES;
				CLANG_ANALYZER_NUMBER_OBJECT_CONVERSION = YES_AGGRESSIVE;
				CLANG_CXX_LANGUAGE_STANDARD = "gnu++17";
				CLANG_ENABLE_MODULES = YES;
				CLANG_ENABLE_OBJC_ARC = YES;
				CLANG_ENABLE_OBJC_WEAK = YES;
				CLANG_WARN_BLOCK_CAPTURE_AUTORELEASING = YES;
				CLANG_WARN_BOOL_CONVERSION = YES;
				CLANG_WARN_COMMA = YES;
				CLANG_WARN_CONSTANT_CONVERSION = YES;
				CLANG_WARN_DEPRECATED_OBJC_IMPLEMENTATIONS = YES;
				CLANG_WARN_DIRECT_OBJC_ISA_USAGE = YES_ERROR;
				CLANG_WARN_DOCUMENTATION_COMMENTS = YES;
				CLANG_WARN_EMPTY_BODY = YES;
				CLANG_WARN_ENUM_CONVERSION = YES;
				CLANG_WARN_INFINITE_RECURSION = YES;
				CLANG_WARN_INT_CONVERSION = YES;
				CLANG_WARN_NON_LITERAL_NULL_CONVERSION = YES;
				CLANG_WARN_OBJC_IMPLICIT_RETAIN_SELF = YES;
				CLANG_WARN_OBJC_LITERAL_CONVERSION = YES;
				CLANG_WARN_OBJC_ROOT_CLASS = YES_ERROR;
				CLANG_WARN_QUOTED_INCLUDE_IN_FRAMEWORK_HEADER = YES;
				CLANG_WARN_RANGE_LOOP_ANALYSIS = YES;
				CLANG_WARN_STRICT_PROTOTYPES = YES;
				CLANG_WARN_SUSPICIOUS_MOVE = YES;
				CLANG_WARN_UNGUARDED_AVAILABILITY = YES_AGGRESSIVE;
				CLANG_WARN_UNREACHABLE_CODE = YES;
				CLANG_WARN__DUPLICATE_METHOD_MATCH = YES;
				COPY_PHASE_STRIP = NO;
				DEBUG_INFORMATION_FORMAT = dwarf;
				ENABLE_STRICT_OBJC_MSGSEND = YES;
				ENABLE_TESTABILITY = YES;
				GCC_C_LANGUAGE_STANDARD = gnu11;
				GCC_DYNAMIC_NO_PIC = NO;
				GCC_NO_COMMON_BLOCKS = YES;
				GCC_OPTIMIZATION_LEVEL = 0;
				GCC_PREPROCESSOR_DEFINITIONS = (
					"DEBUG=1",
					"$(inherited)",
				);
				GCC_WARN_64_TO_32_BIT_CONVERSION = YES;
				GCC_WARN_ABOUT_RETURN_TYPE = YES_ERROR;
				GCC_WARN_UNDECLARED_SELECTOR = YES;
				GCC_WARN_UNINITIALIZED_AUTOS = YES_AGGRESSIVE;
				GCC_WARN_UNUSED_FUNCTION = YES;
				GCC_WARN_UNUSED_VARIABLE = YES;
				MACOSX_DEPLOYMENT_TARGET = 12.3;
				MTL_ENABLE_DEBUG_INFO = INCLUDE_SOURCE;
				MTL_FAST_MATH = YES;
				ONLY_ACTIVE_ARCH = YES;
				SDKROOT = macosx;
			};
			name = Debug;
		};
		BF86BAF728B7AC3C00AD7E12 /* Release */ = {
			isa = XCBuildConfiguration;
			buildSettings = {
				ALWAYS_SEARCH_USER_PATHS = NO;
				CLANG_ANALYZER_NONNULL = YES;
				CLANG_ANALYZER_NUMBER_OBJECT_CONVERSION = YES_AGGRESSIVE;
				CLANG_CXX_LANGUAGE_STANDARD = "gnu++17";
				CLANG_ENABLE_MODULES = YES;
				CLANG_ENABLE_OBJC_ARC = YES;
				CLANG_ENABLE_OBJC_WEAK = YES;
				CLANG_WARN_BLOCK_CAPTURE_AUTORELEASING = YES;
				CLANG_WARN_BOOL_CONVERSION = YES;
				CLANG_WARN_COMMA = YES;
				CLANG_WARN_CONSTANT_CONVERSION = YES;
				CLANG_WARN_DEPRECATED_OBJC_IMPLEMENTATIONS = YES;
				CLANG_WARN_DIRECT_OBJC_ISA_USAGE = YES_ERROR;
				CLANG_WARN_DOCUMENTATION_COMMENTS = YES;
				CLANG_WARN_EMPTY_BODY = YES;
				CLANG_WARN_ENUM_CONVERSION = YES;
				CLANG_WARN_INFINITE_RECURSION = YES;
				CLANG_WARN_INT_CONVERSION = YES;
				CLANG_WARN_NON_LITERAL_NULL_CONVERSION = YES;
				CLANG_WARN_OBJC_IMPLICIT_RETAIN_SELF = YES;
				CLANG_WARN_OBJC_LITERAL_CONVERSION = YES;
				CLANG_WARN_OBJC_ROOT_CLASS = YES_ERROR;
				CLANG_WARN_QUOTED_INCLUDE_IN_FRAMEWORK_HEADER = YES;
				CLANG_WARN_RANGE_LOOP_ANALYSIS = YES;
				CLANG_WARN_STRICT_PROTOTYPES = YES;
				CLANG_WARN_SUSPICIOUS_MOVE = YES;
				CLANG_WARN_UNGUARDED_AVAILABILITY = YES_AGGRESSIVE;
				CLANG_WARN_UNREACHABLE_CODE = YES;
				CLANG_WARN__DUPLICATE_METHOD_MATCH = YES;
				COPY_PHASE_STRIP = NO;
				DEBUG_INFORMATION_FORMAT = "dwarf-with-dsym";
				ENABLE_NS_ASSERTIONS = NO;
				ENABLE_STRICT_OBJC_MSGSEND = YES;
				GCC_C_LANGUAGE_STANDARD = gnu11;
				GCC_NO_COMMON_BLOCKS = YES;
				GCC_WARN_64_TO_32_BIT_CONVERSION = YES;
				GCC_WARN_ABOUT_RETURN_TYPE = YES_ERROR;
				GCC_WARN_UNDECLARED_SELECTOR = YES;
				GCC_WARN_UNINITIALIZED_AUTOS = YES_AGGRESSIVE;
				GCC_WARN_UNUSED_FUNCTION = YES;
				GCC_WARN_UNUSED_VARIABLE = YES;
				MACOSX_DEPLOYMENT_TARGET = 12.3;
				MTL_ENABLE_DEBUG_INFO = NO;
				MTL_FAST_MATH = YES;
				SDKROOT = macosx;
			};
			name = Release;
		};
		BF86BAF928B7AC3C00AD7E12 /* Debug */ = {
			isa = XCBuildConfiguration;
			buildSettings = {
				CODE_SIGN_STYLE = Automatic;
				DEVELOPMENT_TEAM = BY4WVDDY82;
				ENABLE_HARDENED_RUNTIME = YES;
				PRODUCT_NAME = "$(TARGET_NAME)";
			};
			name = Debug;
		};
		BF86BAFA28B7AC3C00AD7E12 /* Release */ = {
			isa = XCBuildConfiguration;
			buildSettings = {
				CODE_SIGN_STYLE = Automatic;
				DEVELOPMENT_TEAM = BY4WVDDY82;
				ENABLE_HARDENED_RUNTIME = YES;
				PRODUCT_NAME = "$(TARGET_NAME)";
			};
			name = Release;
		};
/* End XCBuildConfiguration section */

/* Begin XCConfigurationList section */
		BF86BAEC28B7AC3C00AD7E12 /* Build configuration list for PBXProject "cpp-chess" */ = {
			isa = XCConfigurationList;
			buildConfigurations = (
				BF86BAF628B7AC3C00AD7E12 /* Debug */,
				BF86BAF728B7AC3C00AD7E12 /* Release */,
			);
			defaultConfigurationIsVisible = 0;
			defaultConfigurationName = Release;
		};
		BF86BAF828B7AC3C00AD7E12 /* Build configuration list for PBXNativeTarget "cpp-chess" */ = {
			isa = XCConfigurationList;
			buildConfigurations = (
				BF86BAF928B7AC3C00AD7E12 /* Debug */,
				BF86BAFA28B7AC3C00AD7E12 /* Release */,
			);
			defaultConfigurationIsVisible = 0;
			defaultConfigurationName = Release;
		};
/* End XCConfigurationList section */
	};
	rootObject = BF86BAE928B7AC3C00AD7E12 /* Project object */;
}
